
Microsoft Visual Studio Solution File, Format Version 12.00
# Visual Studio 14
VisualStudioVersion = 14.0.25420.1
MinimumVisualStudioVersion = 10.0.40219.1
Project("{FAE04EC0-301F-11D3-BF4B-00C04F79EFBC}") = "pjtW_Mensaje_01", "pjtW_Mensaje_01\pjtW_Mensaje_01.csproj", "{3F0DF267-97F2-4076-B2DD-82B0EDAFBDB8}"
EndProject
Global
	GlobalSection(SolutionConfigurationPlatforms) = preSolution
		Debug|Any CPU = Debug|Any CPU
		Release|Any CPU = Release|Any CPU
	EndGlobalSection
	GlobalSection(ProjectConfigurationPlatforms) = postSolution
		{3F0DF267-97F2-4076-B2DD-82B0EDAFBDB8}.Debug|Any CPU.ActiveCfg = Debug|Any CPU
		{3F0DF267-97F2-4076-B2DD-82B0EDAFBDB8}.Debug|Any CPU.Build.0 = Debug|Any CPU
		{3F0DF267-97F2-4076-B2DD-82B0EDAFBDB8}.Release|Any CPU.ActiveCfg = Release|Any CPU
		{3F0DF267-97F2-4076-B2DD-82B0EDAFBDB8}.Release|Any CPU.Build.0 = Release|Any CPU
	EndGlobalSection
	GlobalSection(SolutionProperties) = preSolution
		HideSolutionNode = FALSE
	EndGlobalSection
EndGlobal
