
Microsoft Visual Studio Solution File, Format Version 12.00
# Visual Studio 14
VisualStudioVersion = 14.0.25420.1
MinimumVisualStudioVersion = 10.0.40219.1
Project("{FAE04EC0-301F-11D3-BF4B-00C04F79EFBC}") = "Caso_EnviarMensaje", "Caso_EnviarMensaje\Caso_EnviarMensaje.csproj", "{70895178-1BB9-4AF1-B711-25C97D085833}"
EndProject
Project("{FAE04EC0-301F-11D3-BF4B-00C04F79EFBC}") = "EnviarMensaje", "EnviarMensaje\EnviarMensaje.csproj", "{35E3680E-74B1-4EB1-8AB0-35B0464EF809}"
EndProject
Global
	GlobalSection(SolutionConfigurationPlatforms) = preSolution
		Debug|Any CPU = Debug|Any CPU
		Release|Any CPU = Release|Any CPU
	EndGlobalSection
	GlobalSection(ProjectConfigurationPlatforms) = postSolution
		{70895178-1BB9-4AF1-B711-25C97D085833}.Debug|Any CPU.ActiveCfg = Debug|Any CPU
		{70895178-1BB9-4AF1-B711-25C97D085833}.Debug|Any CPU.Build.0 = Debug|Any CPU
		{70895178-1BB9-4AF1-B711-25C97D085833}.Release|Any CPU.ActiveCfg = Release|Any CPU
		{70895178-1BB9-4AF1-B711-25C97D085833}.Release|Any CPU.Build.0 = Release|Any CPU
		{35E3680E-74B1-4EB1-8AB0-35B0464EF809}.Debug|Any CPU.ActiveCfg = Debug|Any CPU
		{35E3680E-74B1-4EB1-8AB0-35B0464EF809}.Debug|Any CPU.Build.0 = Debug|Any CPU
		{35E3680E-74B1-4EB1-8AB0-35B0464EF809}.Release|Any CPU.ActiveCfg = Release|Any CPU
		{35E3680E-74B1-4EB1-8AB0-35B0464EF809}.Release|Any CPU.Build.0 = Release|Any CPU
	EndGlobalSection
	GlobalSection(SolutionProperties) = preSolution
		HideSolutionNode = FALSE
	EndGlobalSection
EndGlobal
